
Microsoft Visual Studio Solution File, Format Version 12.00
# Visual Studio 14
VisualStudioVersion = 14.0.25420.1
MinimumVisualStudioVersion = 10.0.40219.1
Project("{FAE04EC0-301F-11D3-BF4B-00C04F79EFBC}") = "Challenges", "Challenges\Challenges.csproj", "{0A7CB048-2D3C-4A41-AAF7-A48513D30BA5}"
EndProject
Project("{FAE04EC0-301F-11D3-BF4B-00C04F79EFBC}") = "Challenges.Tests", "Challenges.Tests\Challenges.Tests.csproj", "{FBE2B48F-60D2-480E-977C-4C60B5EF1F26}"
EndProject
Global
	GlobalSection(SolutionConfigurationPlatforms) = preSolution
		Debug|Any CPU = Debug|Any CPU
		Release|Any CPU = Release|Any CPU
	EndGlobalSection
	GlobalSection(ProjectConfigurationPlatforms) = postSolution
		{0A7CB048-2D3C-4A41-AAF7-A48513D30BA5}.Debug|Any CPU.ActiveCfg = Debug|Any CPU
		{0A7CB048-2D3C-4A41-AAF7-A48513D30BA5}.Debug|Any CPU.Build.0 = Debug|Any CPU
		{0A7CB048-2D3C-4A41-AAF7-A48513D30BA5}.Release|Any CPU.ActiveCfg = Release|Any CPU
		{0A7CB048-2D3C-4A41-AAF7-A48513D30BA5}.Release|Any CPU.Build.0 = Release|Any CPU
		{FBE2B48F-60D2-480E-977C-4C60B5EF1F26}.Debug|Any CPU.ActiveCfg = Debug|Any CPU
		{FBE2B48F-60D2-480E-977C-4C60B5EF1F26}.Debug|Any CPU.Build.0 = Debug|Any CPU
		{FBE2B48F-60D2-480E-977C-4C60B5EF1F26}.Release|Any CPU.ActiveCfg = Release|Any CPU
		{FBE2B48F-60D2-480E-977C-4C60B5EF1F26}.Release|Any CPU.Build.0 = Release|Any CPU
	EndGlobalSection
	GlobalSection(SolutionProperties) = preSolution
		HideSolutionNode = FALSE
	EndGlobalSection
EndGlobal
